
Microsoft Visual Studio Solution File, Format Version 12.00
# Visual Studio Version 17
VisualStudioVersion = 17.0.32112.339
MinimumVisualStudioVersion = 10.0.40219.1
Project("{9A19103F-16F7-4668-BE54-9A1E7A4F7556}") = "DuckCoin.Wallet", "DuckCoin.Wallet\DuckCoin.Wallet.csproj", "{16F9AB83-A0D0-45F8-96A7-B7495D4F6BDC}"
EndProject
Project("{9A19103F-16F7-4668-BE54-9A1E7A4F7556}") = "DuckCoin.Cryptography", "DuckCoin.Cryptography\DuckCoin.Cryptography.csproj", "{3424DF25-2754-4CE6-A6F5-7E19A1C63955}"
EndProject
Project("{9A19103F-16F7-4668-BE54-9A1E7A4F7556}") = "DuckCoin.DataAccess", "DuckCoin.DataAccess\DuckCoin.DataAccess.csproj", "{220671F4-B85F-4A8D-BAC8-810F40CF5D65}"
EndProject
Project("{9A19103F-16F7-4668-BE54-9A1E7A4F7556}") = "DuckCoin.FullNode", "DuckCoin.FullNode\DuckCoin.FullNode.csproj", "{220671F4-B85F-4A8D-BAC8-810F40CF5D67}"
EndProject
Project("{FAE04EC0-301F-11D3-BF4B-00C04F79EFBC}") = "DuckCoin.Dto", "DuckCoin.Dto\DuckCoin.Dto.csproj", "{DC8BF85A-CD1F-4E54-BEEA-6C6D78D59C7A}"
EndProject
Global
	GlobalSection(SolutionConfigurationPlatforms) = preSolution
		Debug|Any CPU = Debug|Any CPU
		Release|Any CPU = Release|Any CPU
	EndGlobalSection
	GlobalSection(ProjectConfigurationPlatforms) = postSolution
		{16F9AB83-A0D0-45F8-96A7-B7495D4F6BDC}.Debug|Any CPU.ActiveCfg = Debug|Any CPU
		{16F9AB83-A0D0-45F8-96A7-B7495D4F6BDC}.Debug|Any CPU.Build.0 = Debug|Any CPU
		{16F9AB83-A0D0-45F8-96A7-B7495D4F6BDC}.Release|Any CPU.ActiveCfg = Release|Any CPU
		{16F9AB83-A0D0-45F8-96A7-B7495D4F6BDC}.Release|Any CPU.Build.0 = Release|Any CPU
		{3424DF25-2754-4CE6-A6F5-7E19A1C63955}.Debug|Any CPU.ActiveCfg = Debug|Any CPU
		{3424DF25-2754-4CE6-A6F5-7E19A1C63955}.Debug|Any CPU.Build.0 = Debug|Any CPU
		{3424DF25-2754-4CE6-A6F5-7E19A1C63955}.Release|Any CPU.ActiveCfg = Release|Any CPU
		{3424DF25-2754-4CE6-A6F5-7E19A1C63955}.Release|Any CPU.Build.0 = Release|Any CPU
		{220671F4-B85F-4A8D-BAC8-810F40CF5D65}.Debug|Any CPU.ActiveCfg = Debug|Any CPU
		{220671F4-B85F-4A8D-BAC8-810F40CF5D65}.Debug|Any CPU.Build.0 = Debug|Any CPU
		{220671F4-B85F-4A8D-BAC8-810F40CF5D65}.Release|Any CPU.ActiveCfg = Release|Any CPU
		{220671F4-B85F-4A8D-BAC8-810F40CF5D65}.Release|Any CPU.Build.0 = Release|Any CPU
		{220671F4-B85F-4A8D-BAC8-810F40CF5D67}.Debug|Any CPU.ActiveCfg = Debug|Any CPU
		{220671F4-B85F-4A8D-BAC8-810F40CF5D67}.Debug|Any CPU.Build.0 = Debug|Any CPU
		{220671F4-B85F-4A8D-BAC8-810F40CF5D67}.Release|Any CPU.ActiveCfg = Release|Any CPU
		{220671F4-B85F-4A8D-BAC8-810F40CF5D67}.Release|Any CPU.Build.0 = Release|Any CPU
		{DC8BF85A-CD1F-4E54-BEEA-6C6D78D59C7A}.Debug|Any CPU.ActiveCfg = Debug|Any CPU
		{DC8BF85A-CD1F-4E54-BEEA-6C6D78D59C7A}.Debug|Any CPU.Build.0 = Debug|Any CPU
		{DC8BF85A-CD1F-4E54-BEEA-6C6D78D59C7A}.Release|Any CPU.ActiveCfg = Release|Any CPU
		{DC8BF85A-CD1F-4E54-BEEA-6C6D78D59C7A}.Release|Any CPU.Build.0 = Release|Any CPU
	EndGlobalSection
	GlobalSection(SolutionProperties) = preSolution
		HideSolutionNode = FALSE
	EndGlobalSection
	GlobalSection(ExtensibilityGlobals) = postSolution
		SolutionGuid = {4714561D-4365-4D4F-A500-6CD2A5B1C5B3}
	EndGlobalSection
EndGlobal
